# THIS IS AN AUTOGENERATED FILE. DO NOT EDIT THIS FILE DIRECTLY.
# yarn lockfile v1


"@types/prop-types@*":
  version "15.5.5"
  resolved "http://registry.npm.taobao.org/@types/prop-types/download/@types/prop-types-15.5.5.tgz#17038dd322c2325f5da650a94d5f9974943625e3"
  dependencies:
    "@types/react" "*"

"@types/react-lazyload@^2.3.1":
  version "2.3.1"
  resolved "http://registry.npm.taobao.org/@types/react-lazyload/download/@types/react-lazyload-2.3.1.tgz#6a1814432f668081ff693abfa8e09bff09aa3649"
  dependencies:
    "@types/react" "*"

"@types/react@*":
  version "16.4.14"
  resolved "http://registry.npm.taobao.org/@types/react/download/@types/react-16.4.14.tgz#47c604c8e46ed674bbdf4aabf82b34b9041c6a04"
  dependencies:
    "@types/prop-types" "*"
    csstype "^2.2.0"

csstype@^2.2.0:
  version "2.5.7"
  resolved "http://registry.npm.taobao.org/csstype/download/csstype-2.5.7.tgz#bf9235d5872141eccfb2d16d82993c6b149179ff"

react-lazyload@^2.3.0:
  version "2.3.0"
  resolved "http://registry.npm.taobao.org/react-lazyload/download/react-lazyload-2.3.0.tgz#ccb134223012447074a96543954f44b055dc6185"
